{
  "nodes": {
    "flake-nimble": {
      "inputs": {
        "nixpkgs": "nixpkgs"
      },
      "locked": {
        "lastModified": 1655084451,
        "narHash": "sha256-63CMd2Aw4R4IsXRAGxn5xtzIE8dCmqXgNW108IBckyg=",
        "owner": "nix-community",
        "repo": "flake-nimble",
        "rev": "9c68ce860e32d34da93f3b228d878a1681863aea",
        "type": "github"
      },
      "original": {
        "owner": "nix-community",
        "repo": "flake-nimble",
        "type": "github"
      }
    },
    "flake-utils": {
      "locked": {
        "lastModified": 1653893745,
        "narHash": "sha256-0jntwV3Z8//YwuOjzhV2sgJJPt+HY6KhU7VZUL0fKZQ=",
        "owner": "numtide",
        "repo": "flake-utils",
        "rev": "1ed9fb1935d260de5fe1c2f7ee0ebaae17ed2fa1",
        "type": "github"
      },
      "original": {
        "owner": "numtide",
        "repo": "flake-utils",
        "type": "github"
      }
    },
    "nixpkgs": {
      "locked": {
        "lastModified": 1641555862,
        "narHash": "sha256-AJK1Q5djPXs/ba3K6gHsVAer9yDPVLic78ZIDsFSkHU=",
        "owner": "nixos",
        "repo": "nixpkgs",
        "rev": "d1acd89e0116ff88eba80541027429fc922612e9",
        "type": "github"
      },
      "original": {
        "id": "nixpkgs",
        "type": "indirect"
      }
    },
    "nixpkgs_2": {
      "locked": {
        "lastModified": 1655034456,
        "narHash": "sha256-HXXyvGqZLa+2u8IPIRm/uNQiw+gBtTNu58YaXMJtKRc=",
        "owner": "NixOS",
        "repo": "nixpkgs",
        "rev": "72b1ec0a79b1fc50f6cc0694c2f0b1eb384a932e",
        "type": "github"
      },
      "original": {
        "id": "nixpkgs",
        "type": "indirect"
      }
    },
    "root": {
      "inputs": {
        "flake-nimble": "flake-nimble",
        "flake-utils": "flake-utils",
        "nixpkgs": "nixpkgs_2"
      }
    }
  },
  "root": "root",
  "version": 7
}
